
Microsoft Visual Studio Solution File, Format Version 12.00
# Visual Studio Version 17
VisualStudioVersion = 17.11.35222.181
MinimumVisualStudioVersion = 10.0.40219.1
Project("{FAE04EC0-301F-11D3-BF4B-00C04F79EFBC}") = "Zadanie2", "Zadanie2\Zadanie2.csproj", "{784B4C6D-E066-4B9D-9214-7ED7E4C1D925}"
EndProject
Global
	GlobalSection(SolutionConfigurationPlatforms) = preSolution
		Debug|Any CPU = Debug|Any CPU
		Release|Any CPU = Release|Any CPU
	EndGlobalSection
	GlobalSection(ProjectConfigurationPlatforms) = postSolution
		{784B4C6D-E066-4B9D-9214-7ED7E4C1D925}.Debug|Any CPU.ActiveCfg = Debug|Any CPU
		{784B4C6D-E066-4B9D-9214-7ED7E4C1D925}.Debug|Any CPU.Build.0 = Debug|Any CPU
		{784B4C6D-E066-4B9D-9214-7ED7E4C1D925}.Release|Any CPU.ActiveCfg = Release|Any CPU
		{784B4C6D-E066-4B9D-9214-7ED7E4C1D925}.Release|Any CPU.Build.0 = Release|Any CPU
	EndGlobalSection
	GlobalSection(SolutionProperties) = preSolution
		HideSolutionNode = FALSE
	EndGlobalSection
	GlobalSection(ExtensibilityGlobals) = postSolution
		SolutionGuid = {24BA2B96-88A0-4275-89EF-24A143521E30}
	EndGlobalSection
EndGlobal
